// !$*UTF8*$!
{
	archiveVersion = 1;
	classes = {
	};
	objectVersion = 50;
	objects = {

/* Begin PBXBuildFile section */
		B306ADC2229045A100F1E8C1 /* numbersFunctions.swift in Sources */ = {isa = PBXBuildFile; fileRef = B306ADC1229045A100F1E8C1 /* numbersFunctions.swift */; };
		B3A94068229195AB00F4C282 /* defaults.swift in Sources */ = {isa = PBXBuildFile; fileRef = B3A94067229195AB00F4C282 /* defaults.swift */; };
		B3DC6B32228F25D500856252 /* AppDelegate.swift in Sources */ = {isa = PBXBuildFile; fileRef = B3DC6B31228F25D500856252 /* AppDelegate.swift */; };
		B3DC6B34228F25D500856252 /* ViewController.swift in Sources */ = {isa = PBXBuildFile; fileRef = B3DC6B33228F25D500856252 /* ViewController.swift */; };
		B3DC6B37228F25D500856252 /* Main.storyboard in Resources */ = {isa = PBXBuildFile; fileRef = B3DC6B35228F25D500856252 /* Main.storyboard */; };
		B3DC6B39228F25D700856252 /* Assets.xcassets in Resources */ = {isa = PBXBuildFile; fileRef = B3DC6B38228F25D700856252 /* Assets.xcassets */; };
		B3DC6B3C228F25D700856252 /* LaunchScreen.storyboard in Resources */ = {isa = PBXBuildFile; fileRef = B3DC6B3A228F25D700856252 /* LaunchScreen.storyboard */; };
		B3DC6B45228F3F4800856252 /* numbers.swift in Sources */ = {isa = PBXBuildFile; fileRef = B3DC6B43228F3F4800856252 /* numbers.swift */; };
		B3DC6B46228F3F4800856252 /* Text.swift in Sources */ = {isa = PBXBuildFile; fileRef = B3DC6B44228F3F4800856252 /* Text.swift */; };
		B3DC6B48228FA18400856252 /* KoreanToEnglishUIViewController.swift in Sources */ = {isa = PBXBuildFile; fileRef = B3DC6B47228FA18400856252 /* KoreanToEnglishUIViewController.swift */; };
		B3DC6B4A228FA1A300856252 /* EnglishToKoreanUIViewController.swift in Sources */ = {isa = PBXBuildFile; fileRef = B3DC6B49228FA1A300856252 /* EnglishToKoreanUIViewController.swift */; };
/* End PBXBuildFile section */

/* Begin PBXFileReference section */
		B306ADC1229045A100F1E8C1 /* numbersFunctions.swift */ = {isa = PBXFileReference; lastKnownFileType = sourcecode.swift; path = numbersFunctions.swift; sourceTree = "<group>"; };
		B3A94067229195AB00F4C282 /* defaults.swift */ = {isa = PBXFileReference; lastKnownFileType = sourcecode.swift; path = defaults.swift; sourceTree = "<group>"; };
		B3DC6B2E228F25D500856252 /* Korean-iOS.app */ = {isa = PBXFileReference; explicitFileType = wrapper.application; includeInIndex = 0; path = "Korean-iOS.app"; sourceTree = BUILT_PRODUCTS_DIR; };
		B3DC6B31228F25D500856252 /* AppDelegate.swift */ = {isa = PBXFileReference; lastKnownFileType = sourcecode.swift; path = AppDelegate.swift; sourceTree = "<group>"; };
		B3DC6B33228F25D500856252 /* ViewController.swift */ = {isa = PBXFileReference; lastKnownFileType = sourcecode.swift; path = ViewController.swift; sourceTree = "<group>"; };
		B3DC6B36228F25D500856252 /* Base */ = {isa = PBXFileReference; lastKnownFileType = file.storyboard; name = Base; path = Base.lproj/Main.storyboard; sourceTree = "<group>"; };
		B3DC6B38228F25D700856252 /* Assets.xcassets */ = {isa = PBXFileReference; lastKnownFileType = folder.assetcatalog; path = Assets.xcassets; sourceTree = "<group>"; };
		B3DC6B3B228F25D700856252 /* Base */ = {isa = PBXFileReference; lastKnownFileType = file.storyboard; name = Base; path = Base.lproj/LaunchScreen.storyboard; sourceTree = "<group>"; };
		B3DC6B3D228F25D700856252 /* Info.plist */ = {isa = PBXFileReference; lastKnownFileType = text.plist.xml; path = Info.plist; sourceTree = "<group>"; };
		B3DC6B43228F3F4800856252 /* numbers.swift */ = {isa = PBXFileReference; fileEncoding = 4; lastKnownFileType = sourcecode.swift; name = numbers.swift; path = "한국어/numbers.swift"; sourceTree = "<group>"; };
		B3DC6B44228F3F4800856252 /* Text.swift */ = {isa = PBXFileReference; fileEncoding = 4; lastKnownFileType = sourcecode.swift; name = Text.swift; path = "한국어/Text.swift"; sourceTree = "<group>"; };
		B3DC6B47228FA18400856252 /* KoreanToEnglishUIViewController.swift */ = {isa = PBXFileReference; lastKnownFileType = sourcecode.swift; path = KoreanToEnglishUIViewController.swift; sourceTree = "<group>"; };
		B3DC6B49228FA1A300856252 /* EnglishToKoreanUIViewController.swift */ = {isa = PBXFileReference; lastKnownFileType = sourcecode.swift; path = EnglishToKoreanUIViewController.swift; sourceTree = "<group>"; };
/* End PBXFileReference section */

/* Begin PBXFrameworksBuildPhase section */
		B3DC6B2B228F25D500856252 /* Frameworks */ = {
			isa = PBXFrameworksBuildPhase;
			buildActionMask = 2147483647;
			files = (
			);
			runOnlyForDeploymentPostprocessing = 0;
		};
/* End PBXFrameworksBuildPhase section */

/* Begin PBXGroup section */
		B3A94069229195B000F4C282 /* classes */ = {
			isa = PBXGroup;
			children = (
				B3A94067229195AB00F4C282 /* defaults.swift */,
				B306ADC1229045A100F1E8C1 /* numbersFunctions.swift */,
			);
			path = classes;
			sourceTree = "<group>";
		};
		B3DC6B25228F25D500856252 = {
			isa = PBXGroup;
			children = (
				B3DC6B30228F25D500856252 /* Korean-iOS */,
				B3DC6B2F228F25D500856252 /* Products */,
			);
			sourceTree = "<group>";
		};
		B3DC6B2F228F25D500856252 /* Products */ = {
			isa = PBXGroup;
			children = (
				B3DC6B2E228F25D500856252 /* Korean-iOS.app */,
			);
			name = Products;
			sourceTree = "<group>";
		};
		B3DC6B30228F25D500856252 /* Korean-iOS */ = {
			isa = PBXGroup;
			children = (
				B3DC6B31228F25D500856252 /* AppDelegate.swift */,
				B3DC6B44228F3F4800856252 /* Text.swift */,
				B3DC6B43228F3F4800856252 /* numbers.swift */,
				B3DC6B35228F25D500856252 /* Main.storyboard */,
				B3DC6B3A228F25D700856252 /* LaunchScreen.storyboard */,
				B3DC6B33228F25D500856252 /* ViewController.swift */,
				B3DC6B49228FA1A300856252 /* EnglishToKoreanUIViewController.swift */,
				B3DC6B47228FA18400856252 /* KoreanToEnglishUIViewController.swift */,
				B3A94069229195B000F4C282 /* classes */,
				B3DC6B38228F25D700856252 /* Assets.xcassets */,
				B3DC6B3D228F25D700856252 /* Info.plist */,
			);
			path = "Korean-iOS";
			sourceTree = "<group>";
		};
/* End PBXGroup section */

/* Begin PBXNativeTarget section */
		B3DC6B2D228F25D500856252 /* Korean-iOS */ = {
			isa = PBXNativeTarget;
			buildConfigurationList = B3DC6B40228F25D700856252 /* Build configuration list for PBXNativeTarget "Korean-iOS" */;
			buildPhases = (
				B3DC6B2A228F25D500856252 /* Sources */,
				B3DC6B2B228F25D500856252 /* Frameworks */,
				B3DC6B2C228F25D500856252 /* Resources */,
			);
			buildRules = (
			);
			dependencies = (
			);
			name = "Korean-iOS";
			productName = "Korean-iOS";
			productReference = B3DC6B2E228F25D500856252 /* Korean-iOS.app */;
			productType = "com.apple.product-type.application";
		};
/* End PBXNativeTarget section */

/* Begin PBXProject section */
		B3DC6B26228F25D500856252 /* Project object */ = {
			isa = PBXProject;
			attributes = {
				LastSwiftUpdateCheck = 1020;
				LastUpgradeCheck = 1020;
				ORGANIZATIONNAME = "Tomas Daniel Nieto";
				TargetAttributes = {
					B3DC6B2D228F25D500856252 = {
						CreatedOnToolsVersion = 10.2.1;
					};
				};
			};
			buildConfigurationList = B3DC6B29228F25D500856252 /* Build configuration list for PBXProject "Korean-iOS" */;
			compatibilityVersion = "Xcode 9.3";
			developmentRegion = en;
			hasScannedForEncodings = 0;
			knownRegions = (
				en,
				Base,
			);
			mainGroup = B3DC6B25228F25D500856252;
			productRefGroup = B3DC6B2F228F25D500856252 /* Products */;
			projectDirPath = "";
			projectRoot = "";
			targets = (
				B3DC6B2D228F25D500856252 /* Korean-iOS */,
			);
		};
/* End PBXProject section */

/* Begin PBXResourcesBuildPhase section */
		B3DC6B2C228F25D500856252 /* Resources */ = {
			isa = PBXResourcesBuildPhase;
			buildActionMask = 2147483647;
			files = (
				B3DC6B3C228F25D700856252 /* LaunchScreen.storyboard in Resources */,
				B3DC6B39228F25D700856252 /* Assets.xcassets in Resources */,
				B3DC6B37228F25D500856252 /* Main.storyboard in Resources */,
			);
			runOnlyForDeploymentPostprocessing = 0;
		};
/* End PBXResourcesBuildPhase section */

/* Begin PBXSourcesBuildPhase section */
		B3DC6B2A228F25D500856252 /* Sources */ = {
			isa = PBXSourcesBuildPhase;
			buildActionMask = 2147483647;
			files = (
				B3DC6B48228FA18400856252 /* KoreanToEnglishUIViewController.swift in Sources */,
				B3A94068229195AB00F4C282 /* defaults.swift in Sources */,
				B3DC6B45228F3F4800856252 /* numbers.swift in Sources */,
				B306ADC2229045A100F1E8C1 /* numbersFunctions.swift in Sources */,
				B3DC6B4A228FA1A300856252 /* EnglishToKoreanUIViewController.swift in Sources */,
				B3DC6B34228F25D500856252 /* ViewController.swift in Sources */,
				B3DC6B46228F3F4800856252 /* Text.swift in Sources */,
				B3DC6B32228F25D500856252 /* AppDelegate.swift in Sources */,
			);
			runOnlyForDeploymentPostprocessing = 0;
		};
/* End PBXSourcesBuildPhase section */

/* Begin PBXVariantGroup section */
		B3DC6B35228F25D500856252 /* Main.storyboard */ = {
			isa = PBXVariantGroup;
			children = (
				B3DC6B36228F25D500856252 /* Base */,
			);
			name = Main.storyboard;
			sourceTree = "<group>";
		};
		B3DC6B3A228F25D700856252 /* LaunchScreen.storyboard */ = {
			isa = PBXVariantGroup;
			children = (
				B3DC6B3B228F25D700856252 /* Base */,
			);
			name = LaunchScreen.storyboard;
			sourceTree = "<group>";
		};
/* End PBXVariantGroup section */

/* Begin XCBuildConfiguration section */
		B3DC6B3E228F25D700856252 /* Debug */ = {
			isa = XCBuildConfiguration;
			buildSettings = {
				ALWAYS_SEARCH_USER_PATHS = NO;
				CLANG_ANALYZER_NONNULL = YES;
				CLANG_ANALYZER_NUMBER_OBJECT_CONVERSION = YES_AGGRESSIVE;
				CLANG_CXX_LANGUAGE_STANDARD = "gnu++14";
				CLANG_CXX_LIBRARY = "libc++";
				CLANG_ENABLE_MODULES = YES;
				CLANG_ENABLE_OBJC_ARC = YES;
				CLANG_ENABLE_OBJC_WEAK = YES;
				CLANG_WARN_BLOCK_CAPTURE_AUTORELEASING = YES;
				CLANG_WARN_BOOL_CONVERSION = YES;
				CLANG_WARN_COMMA = YES;
				CLANG_WARN_CONSTANT_CONVERSION = YES;
				CLANG_WARN_DEPRECATED_OBJC_IMPLEMENTATIONS = YES;
				CLANG_WARN_DIRECT_OBJC_ISA_USAGE = YES_ERROR;
				CLANG_WARN_DOCUMENTATION_COMMENTS = YES;
				CLANG_WARN_EMPTY_BODY = YES;
				CLANG_WARN_ENUM_CONVERSION = YES;
				CLANG_WARN_INFINITE_RECURSION = YES;
				CLANG_WARN_INT_CONVERSION = YES;
				CLANG_WARN_NON_LITERAL_NULL_CONVERSION = YES;
				CLANG_WARN_OBJC_IMPLICIT_RETAIN_SELF = YES;
				CLANG_WARN_OBJC_LITERAL_CONVERSION = YES;
				CLANG_WARN_OBJC_ROOT_CLASS = YES_ERROR;
				CLANG_WARN_RANGE_LOOP_ANALYSIS = YES;
				CLANG_WARN_STRICT_PROTOTYPES = YES;
				CLANG_WARN_SUSPICIOUS_MOVE = YES;
				CLANG_WARN_UNGUARDED_AVAILABILITY = YES_AGGRESSIVE;
				CLANG_WARN_UNREACHABLE_CODE = YES;
				CLANG_WARN__DUPLICATE_METHOD_MATCH = YES;
				CODE_SIGN_IDENTITY = "iPhone Developer";
				COPY_PHASE_STRIP = NO;
				DEBUG_INFORMATION_FORMAT = dwarf;
				ENABLE_STRICT_OBJC_MSGSEND = YES;
				ENABLE_TESTABILITY = YES;
				GCC_C_LANGUAGE_STANDARD = gnu11;
				GCC_DYNAMIC_NO_PIC = NO;
				GCC_NO_COMMON_BLOCKS = YES;
				GCC_OPTIMIZATION_LEVEL = 0;
				GCC_PREPROCESSOR_DEFINITIONS = (
					"DEBUG=1",
					"$(inherited)",
				);
				GCC_WARN_64_TO_32_BIT_CONVERSION = YES;
				GCC_WARN_ABOUT_RETURN_TYPE = YES_ERROR;
				GCC_WARN_UNDECLARED_SELECTOR = YES;
				GCC_WARN_UNINITIALIZED_AUTOS = YES_AGGRESSIVE;
				GCC_WARN_UNUSED_FUNCTION = YES;
				GCC_WARN_UNUSED_VARIABLE = YES;
				IPHONEOS_DEPLOYMENT_TARGET = 12.2;
				MTL_ENABLE_DEBUG_INFO = INCLUDE_SOURCE;
				MTL_FAST_MATH = YES;
				ONLY_ACTIVE_ARCH = YES;
				SDKROOT = iphoneos;
				SWIFT_ACTIVE_COMPILATION_CONDITIONS = DEBUG;
				SWIFT_OPTIMIZATION_LEVEL = "-Onone";
			};
			name = Debug;
		};
		B3DC6B3F228F25D700856252 /* Release */ = {
			isa = XCBuildConfiguration;
			buildSettings = {
				ALWAYS_SEARCH_USER_PATHS = NO;
				CLANG_ANALYZER_NONNULL = YES;
				CLANG_ANALYZER_NUMBER_OBJECT_CONVERSION = YES_AGGRESSIVE;
				CLANG_CXX_LANGUAGE_STANDARD = "gnu++14";
				CLANG_CXX_LIBRARY = "libc++";
				CLANG_ENABLE_MODULES = YES;
				CLANG_ENABLE_OBJC_ARC = YES;
				CLANG_ENABLE_OBJC_WEAK = YES;
				CLANG_WARN_BLOCK_CAPTURE_AUTORELEASING = YES;
				CLANG_WARN_BOOL_CONVERSION = YES;
				CLANG_WARN_COMMA = YES;
				CLANG_WARN_CONSTANT_CONVERSION = YES;
				CLANG_WARN_DEPRECATED_OBJC_IMPLEMENTATIONS = YES;
				CLANG_WARN_DIRECT_OBJC_ISA_USAGE = YES_ERROR;
				CLANG_WARN_DOCUMENTATION_COMMENTS = YES;
				CLANG_WARN_EMPTY_BODY = YES;
				CLANG_WARN_ENUM_CONVERSION = YES;
				CLANG_WARN_INFINITE_RECURSION = YES;
				CLANG_WARN_INT_CONVERSION = YES;
				CLANG_WARN_NON_LITERAL_NULL_CONVERSION = YES;
				CLANG_WARN_OBJC_IMPLICIT_RETAIN_SELF = YES;
				CLANG_WARN_OBJC_LITERAL_CONVERSION = YES;
				CLANG_WARN_OBJC_ROOT_CLASS = YES_ERROR;
				CLANG_WARN_RANGE_LOOP_ANALYSIS = YES;
				CLANG_WARN_STRICT_PROTOTYPES = YES;
				CLANG_WARN_SUSPICIOUS_MOVE = YES;
				CLANG_WARN_UNGUARDED_AVAILABILITY = YES_AGGRESSIVE;
				CLANG_WARN_UNREACHABLE_CODE = YES;
				CLANG_WARN__DUPLICATE_METHOD_MATCH = YES;
				CODE_SIGN_IDENTITY = "iPhone Developer";
				COPY_PHASE_STRIP = NO;
				DEBUG_INFORMATION_FORMAT = "dwarf-with-dsym";
				ENABLE_NS_ASSERTIONS = NO;
				ENABLE_STRICT_OBJC_MSGSEND = YES;
				GCC_C_LANGUAGE_STANDARD = gnu11;
				GCC_NO_COMMON_BLOCKS = YES;
				GCC_WARN_64_TO_32_BIT_CONVERSION = YES;
				GCC_WARN_ABOUT_RETURN_TYPE = YES_ERROR;
				GCC_WARN_UNDECLARED_SELECTOR = YES;
				GCC_WARN_UNINITIALIZED_AUTOS = YES_AGGRESSIVE;
				GCC_WARN_UNUSED_FUNCTION = YES;
				GCC_WARN_UNUSED_VARIABLE = YES;
				IPHONEOS_DEPLOYMENT_TARGET = 12.2;
				MTL_ENABLE_DEBUG_INFO = NO;
				MTL_FAST_MATH = YES;
				SDKROOT = iphoneos;
				SWIFT_COMPILATION_MODE = wholemodule;
				SWIFT_OPTIMIZATION_LEVEL = "-O";
				VALIDATE_PRODUCT = YES;
			};
			name = Release;
		};
		B3DC6B41228F25D700856252 /* Debug */ = {
			isa = XCBuildConfiguration;
			buildSettings = {
				ASSETCATALOG_COMPILER_APPICON_NAME = AppIcon;
				CODE_SIGN_STYLE = Automatic;
				DEVELOPMENT_TEAM = J4ACLAX7WB;
				INFOPLIST_FILE = "Korean-iOS/Info.plist";
				IPHONEOS_DEPLOYMENT_TARGET = 10.0;
				LD_RUNPATH_SEARCH_PATHS = (
					"$(inherited)",
					"@executable_path/Frameworks",
				);
				PRODUCT_BUNDLE_IDENTIFIER = "me.Korean-iOS.com";
				PRODUCT_NAME = "$(TARGET_NAME)";
				SWIFT_VERSION = 5.0;
				TARGETED_DEVICE_FAMILY = "1,2";
			};
			name = Debug;
		};
		B3DC6B42228F25D700856252 /* Release */ = {
			isa = XCBuildConfiguration;
			buildSettings = {
				ASSETCATALOG_COMPILER_APPICON_NAME = AppIcon;
				CODE_SIGN_STYLE = Automatic;
				DEVELOPMENT_TEAM = J4ACLAX7WB;
				INFOPLIST_FILE = "Korean-iOS/Info.plist";
				IPHONEOS_DEPLOYMENT_TARGET = 10.0;
				LD_RUNPATH_SEARCH_PATHS = (
					"$(inherited)",
					"@executable_path/Frameworks",
				);
				PRODUCT_BUNDLE_IDENTIFIER = "me.Korean-iOS.com";
				PRODUCT_NAME = "$(TARGET_NAME)";
				SWIFT_VERSION = 5.0;
				TARGETED_DEVICE_FAMILY = "1,2";
			};
			name = Release;
		};
/* End XCBuildConfiguration section */

/* Begin XCConfigurationList section */
		B3DC6B29228F25D500856252 /* Build configuration list for PBXProject "Korean-iOS" */ = {
			isa = XCConfigurationList;
			buildConfigurations = (
				B3DC6B3E228F25D700856252 /* Debug */,
				B3DC6B3F228F25D700856252 /* Release */,
			);
			defaultConfigurationIsVisible = 0;
			defaultConfigurationName = Release;
		};
		B3DC6B40228F25D700856252 /* Build configuration list for PBXNativeTarget "Korean-iOS" */ = {
			isa = XCConfigurationList;
			buildConfigurations = (
				B3DC6B41228F25D700856252 /* Debug */,
				B3DC6B42228F25D700856252 /* Release */,
			);
			defaultConfigurationIsVisible = 0;
			defaultConfigurationName = Release;
		};
/* End XCConfigurationList section */
	};
	rootObject = B3DC6B26228F25D500856252 /* Project object */;
}
