// !$*UTF8*$!
{
	archiveVersion = 1;
	classes = {
	};
	objectVersion = 50;
	objects = {

/* Begin PBXBuildFile section */
		B306ADC2229045A100F1E8C1 /* numbersCreatorFunctions.swift in Sources */ = {isa = PBXBuildFile; fileRef = B306ADC1229045A100F1E8C1 /* numbersCreatorFunctions.swift */; };
		B318B3BD22943DC50087231C /* grayBackground.png in Resources */ = {isa = PBXBuildFile; fileRef = B318B3BC22943DC50087231C /* grayBackground.png */; };
		B318B3BF229442150087231C /* correct.wav in Resources */ = {isa = PBXBuildFile; fileRef = B318B3BE229442140087231C /* correct.wav */; };
		B32D823022987F6700B2A2C1 /* Round_rectangle_Green_shadows.png in Resources */ = {isa = PBXBuildFile; fileRef = B32D822F22987F6700B2A2C1 /* Round_rectangle_Green_shadows.png */; };
		B32D8234229882E700B2A2C1 /* Round_rectangle_bleu_shadows.png in Resources */ = {isa = PBXBuildFile; fileRef = B32D8233229882E600B2A2C1 /* Round_rectangle_bleu_shadows.png */; };
		B32D8236229883F800B2A2C1 /* purple_shadow.png in Resources */ = {isa = PBXBuildFile; fileRef = B32D8235229883F800B2A2C1 /* purple_shadow.png */; };
		B32D823C2298D3FC00B2A2C1 /* Rectangle_light_purple_shadow.png in Resources */ = {isa = PBXBuildFile; fileRef = B32D823B2298D3FC00B2A2C1 /* Rectangle_light_purple_shadow.png */; };
		B34B386C229452EF000BF459 /* media-offline.jpg in Resources */ = {isa = PBXBuildFile; fileRef = B34B386B229452EF000BF459 /* media-offline.jpg */; };
		B34E11D822938C6C00704125 /* sounds.swift in Sources */ = {isa = PBXBuildFile; fileRef = B34E11D722938C6C00704125 /* sounds.swift */; };
		B34E11DD2293935A00704125 /* incorrect.wav in Resources */ = {isa = PBXBuildFile; fileRef = B34E11DC2293935A00704125 /* incorrect.wav */; };
		B34E11E1229395CD00704125 /* correctOrWrong.swift in Sources */ = {isa = PBXBuildFile; fileRef = B34E11E0229395CD00704125 /* correctOrWrong.swift */; };
		B36E9D572294DEEE006F5DC1 /* grandma2.png in Resources */ = {isa = PBXBuildFile; fileRef = B36E9D522294DEED006F5DC1 /* grandma2.png */; };
		B36E9D592294DEEE006F5DC1 /* grandma4.png in Resources */ = {isa = PBXBuildFile; fileRef = B36E9D542294DEEE006F5DC1 /* grandma4.png */; };
		B36E9D5A2294DEEE006F5DC1 /* grandma3.png in Resources */ = {isa = PBXBuildFile; fileRef = B36E9D552294DEEE006F5DC1 /* grandma3.png */; };
		B36E9D5B2294DEEE006F5DC1 /* grandma1.png in Resources */ = {isa = PBXBuildFile; fileRef = B36E9D562294DEEE006F5DC1 /* grandma1.png */; };
		B36E9D5F2294DF7D006F5DC1 /* grandpa1.png in Resources */ = {isa = PBXBuildFile; fileRef = B36E9D5C2294DF7C006F5DC1 /* grandpa1.png */; };
		B36E9D602294DF7D006F5DC1 /* grandpa2.png in Resources */ = {isa = PBXBuildFile; fileRef = B36E9D5D2294DF7D006F5DC1 /* grandpa2.png */; };
		B36E9D612294DF7D006F5DC1 /* grandpa3.png in Resources */ = {isa = PBXBuildFile; fileRef = B36E9D5E2294DF7D006F5DC1 /* grandpa3.png */; };
		B379D20F2293ABA70080BCED /* images.swift in Sources */ = {isa = PBXBuildFile; fileRef = B379D20E2293ABA70080BCED /* images.swift */; };
		B3A94068229195AB00F4C282 /* textDefaults.swift in Sources */ = {isa = PBXBuildFile; fileRef = B3A94067229195AB00F4C282 /* textDefaults.swift */; };
		B3D8044B229777F7005BEA77 /* DictionaryViewController.swift in Sources */ = {isa = PBXBuildFile; fileRef = B3D8044A229777F7005BEA77 /* DictionaryViewController.swift */; };
		B3D8044D229777FF005BEA77 /* DefinitionViewController.swift in Sources */ = {isa = PBXBuildFile; fileRef = B3D8044C229777FF005BEA77 /* DefinitionViewController.swift */; };
		B3D80450229778D9005BEA77 /* KorEngDict.swift in Sources */ = {isa = PBXBuildFile; fileRef = B3D8044E229778D9005BEA77 /* KorEngDict.swift */; };
		B3D80451229778D9005BEA77 /* korEngDict.sqlite in Resources */ = {isa = PBXBuildFile; fileRef = B3D8044F229778D9005BEA77 /* korEngDict.sqlite */; };
		B3D8045722977A70005BEA77 /* play.png in Resources */ = {isa = PBXBuildFile; fileRef = B3D8045622977A70005BEA77 /* play.png */; };
		B3D8045B22977AD9005BEA77 /* dictionary.png in Resources */ = {isa = PBXBuildFile; fileRef = B3D8045A22977AD8005BEA77 /* dictionary.png */; };
		B3DC6B32228F25D500856252 /* AppDelegate.swift in Sources */ = {isa = PBXBuildFile; fileRef = B3DC6B31228F25D500856252 /* AppDelegate.swift */; };
		B3DC6B34228F25D500856252 /* NumbersViewController.swift in Sources */ = {isa = PBXBuildFile; fileRef = B3DC6B33228F25D500856252 /* NumbersViewController.swift */; };
		B3DC6B37228F25D500856252 /* Main.storyboard in Resources */ = {isa = PBXBuildFile; fileRef = B3DC6B35228F25D500856252 /* Main.storyboard */; };
		B3DC6B39228F25D700856252 /* Assets.xcassets in Resources */ = {isa = PBXBuildFile; fileRef = B3DC6B38228F25D700856252 /* Assets.xcassets */; };
		B3DC6B3C228F25D700856252 /* LaunchScreen.storyboard in Resources */ = {isa = PBXBuildFile; fileRef = B3DC6B3A228F25D700856252 /* LaunchScreen.storyboard */; };
		B3DC6B45228F3F4800856252 /* numbers.swift in Sources */ = {isa = PBXBuildFile; fileRef = B3DC6B43228F3F4800856252 /* numbers.swift */; };
		B3DC6B46228F3F4800856252 /* Text.swift in Sources */ = {isa = PBXBuildFile; fileRef = B3DC6B44228F3F4800856252 /* Text.swift */; };
		B3DC6B48228FA18400856252 /* KoreanToNumberUIViewController.swift in Sources */ = {isa = PBXBuildFile; fileRef = B3DC6B47228FA18400856252 /* KoreanToNumberUIViewController.swift */; };
		B3DC6B4A228FA1A300856252 /* NumberToKoreanUIViewController.swift in Sources */ = {isa = PBXBuildFile; fileRef = B3DC6B49228FA1A300856252 /* NumberToKoreanUIViewController.swift */; };
		B3E34A052298718B00D9C602 /* Korea_flag.png in Resources */ = {isa = PBXBuildFile; fileRef = B3E34A042298718B00D9C602 /* Korea_flag.png */; };
		B3E47BD52295B8DA00126BC3 /* NotesViewController.swift in Sources */ = {isa = PBXBuildFile; fileRef = B3E47BD42295B8DA00126BC3 /* NotesViewController.swift */; };
		B3E47BD92295BA3500126BC3 /* notes.png in Resources */ = {isa = PBXBuildFile; fileRef = B3E47BD82295BA3500126BC3 /* notes.png */; };
		B3E47BE12295BB5700126BC3 /* settings.png in Resources */ = {isa = PBXBuildFile; fileRef = B3E47BE02295BB5700126BC3 /* settings.png */; };
		B3E47BE4229649BE00126BC3 /* Numbers.storyboard in Resources */ = {isa = PBXBuildFile; fileRef = B3E47BE2229649BE00126BC3 /* Numbers.storyboard */; };
		B3E47BE622964ABA00126BC3 /* PlayViewController.swift in Sources */ = {isa = PBXBuildFile; fileRef = B3E47BE522964ABA00126BC3 /* PlayViewController.swift */; };
		B3E47BE822970A3D00126BC3 /* Purpe_rounded_rectangle.png in Resources */ = {isa = PBXBuildFile; fileRef = B3E47BE722970A3D00126BC3 /* Purpe_rounded_rectangle.png */; };
		B3E47BEC22970BD100126BC3 /* Bleu_rounded_rectangle.png in Resources */ = {isa = PBXBuildFile; fileRef = B3E47BEB22970BD100126BC3 /* Bleu_rounded_rectangle.png */; };
		B3EE127F2292FDE700A3BE4C /* UserSettingsDefaults.swift in Sources */ = {isa = PBXBuildFile; fileRef = B3EE127E2292FDE700A3BE4C /* UserSettingsDefaults.swift */; };
		B3EE12812292FE6400A3BE4C /* NumbersOptionsViewController.swift in Sources */ = {isa = PBXBuildFile; fileRef = B3EE12802292FE6400A3BE4C /* NumbersOptionsViewController.swift */; };
/* End PBXBuildFile section */

/* Begin PBXFileReference section */
		B306ADC1229045A100F1E8C1 /* numbersCreatorFunctions.swift */ = {isa = PBXFileReference; lastKnownFileType = sourcecode.swift; path = numbersCreatorFunctions.swift; sourceTree = "<group>"; };
		B318B3BC22943DC50087231C /* grayBackground.png */ = {isa = PBXFileReference; lastKnownFileType = image.png; path = grayBackground.png; sourceTree = "<group>"; };
		B318B3BE229442140087231C /* correct.wav */ = {isa = PBXFileReference; lastKnownFileType = audio.wav; path = correct.wav; sourceTree = "<group>"; };
		B32D822F22987F6700B2A2C1 /* Round_rectangle_Green_shadows.png */ = {isa = PBXFileReference; lastKnownFileType = image.png; name = Round_rectangle_Green_shadows.png; path = ../../../../../../../../Sketch/Round_rectangle_Green_shadows.png; sourceTree = "<group>"; };
		B32D8233229882E600B2A2C1 /* Round_rectangle_bleu_shadows.png */ = {isa = PBXFileReference; lastKnownFileType = image.png; path = Round_rectangle_bleu_shadows.png; sourceTree = "<group>"; };
		B32D8235229883F800B2A2C1 /* purple_shadow.png */ = {isa = PBXFileReference; lastKnownFileType = image.png; path = purple_shadow.png; sourceTree = "<group>"; };
		B32D823B2298D3FC00B2A2C1 /* Rectangle_light_purple_shadow.png */ = {isa = PBXFileReference; lastKnownFileType = image.png; name = Rectangle_light_purple_shadow.png; path = ../../../../Sketch/Rectangle_light_purple_shadow.png; sourceTree = "<group>"; };
		B34B386B229452EF000BF459 /* media-offline.jpg */ = {isa = PBXFileReference; lastKnownFileType = image.jpeg; path = "media-offline.jpg"; sourceTree = "<group>"; };
		B34E11D722938C6C00704125 /* sounds.swift */ = {isa = PBXFileReference; lastKnownFileType = sourcecode.swift; path = sounds.swift; sourceTree = "<group>"; };
		B34E11DC2293935A00704125 /* incorrect.wav */ = {isa = PBXFileReference; lastKnownFileType = audio.wav; path = incorrect.wav; sourceTree = "<group>"; };
		B34E11E0229395CD00704125 /* correctOrWrong.swift */ = {isa = PBXFileReference; lastKnownFileType = sourcecode.swift; path = correctOrWrong.swift; sourceTree = "<group>"; };
		B36E9D522294DEED006F5DC1 /* grandma2.png */ = {isa = PBXFileReference; lastKnownFileType = image.png; path = grandma2.png; sourceTree = "<group>"; };
		B36E9D542294DEEE006F5DC1 /* grandma4.png */ = {isa = PBXFileReference; lastKnownFileType = image.png; path = grandma4.png; sourceTree = "<group>"; };
		B36E9D552294DEEE006F5DC1 /* grandma3.png */ = {isa = PBXFileReference; lastKnownFileType = image.png; path = grandma3.png; sourceTree = "<group>"; };
		B36E9D562294DEEE006F5DC1 /* grandma1.png */ = {isa = PBXFileReference; lastKnownFileType = image.png; path = grandma1.png; sourceTree = "<group>"; };
		B36E9D5C2294DF7C006F5DC1 /* grandpa1.png */ = {isa = PBXFileReference; lastKnownFileType = image.png; path = grandpa1.png; sourceTree = "<group>"; };
		B36E9D5D2294DF7D006F5DC1 /* grandpa2.png */ = {isa = PBXFileReference; lastKnownFileType = image.png; path = grandpa2.png; sourceTree = "<group>"; };
		B36E9D5E2294DF7D006F5DC1 /* grandpa3.png */ = {isa = PBXFileReference; lastKnownFileType = image.png; path = grandpa3.png; sourceTree = "<group>"; };
		B379D20E2293ABA70080BCED /* images.swift */ = {isa = PBXFileReference; lastKnownFileType = sourcecode.swift; path = images.swift; sourceTree = "<group>"; };
		B3A94067229195AB00F4C282 /* textDefaults.swift */ = {isa = PBXFileReference; lastKnownFileType = sourcecode.swift; path = textDefaults.swift; sourceTree = "<group>"; };
		B3D8044A229777F7005BEA77 /* DictionaryViewController.swift */ = {isa = PBXFileReference; fileEncoding = 4; lastKnownFileType = sourcecode.swift; path = DictionaryViewController.swift; sourceTree = "<group>"; };
		B3D8044C229777FF005BEA77 /* DefinitionViewController.swift */ = {isa = PBXFileReference; fileEncoding = 4; lastKnownFileType = sourcecode.swift; path = DefinitionViewController.swift; sourceTree = "<group>"; };
		B3D8044E229778D9005BEA77 /* KorEngDict.swift */ = {isa = PBXFileReference; fileEncoding = 4; lastKnownFileType = sourcecode.swift; path = KorEngDict.swift; sourceTree = "<group>"; };
		B3D8044F229778D9005BEA77 /* korEngDict.sqlite */ = {isa = PBXFileReference; lastKnownFileType = file; path = korEngDict.sqlite; sourceTree = "<group>"; };
		B3D8045622977A70005BEA77 /* play.png */ = {isa = PBXFileReference; lastKnownFileType = image.png; path = play.png; sourceTree = "<group>"; };
		B3D8045A22977AD8005BEA77 /* dictionary.png */ = {isa = PBXFileReference; lastKnownFileType = image.png; path = dictionary.png; sourceTree = "<group>"; };
		B3DC6B2E228F25D500856252 /* Korean-iOS.app */ = {isa = PBXFileReference; explicitFileType = wrapper.application; includeInIndex = 0; path = "Korean-iOS.app"; sourceTree = BUILT_PRODUCTS_DIR; };
		B3DC6B31228F25D500856252 /* AppDelegate.swift */ = {isa = PBXFileReference; lastKnownFileType = sourcecode.swift; path = AppDelegate.swift; sourceTree = "<group>"; };
		B3DC6B33228F25D500856252 /* NumbersViewController.swift */ = {isa = PBXFileReference; lastKnownFileType = sourcecode.swift; path = NumbersViewController.swift; sourceTree = "<group>"; };
		B3DC6B36228F25D500856252 /* Base */ = {isa = PBXFileReference; lastKnownFileType = file.storyboard; name = Base; path = Base.lproj/Main.storyboard; sourceTree = "<group>"; };
		B3DC6B38228F25D700856252 /* Assets.xcassets */ = {isa = PBXFileReference; lastKnownFileType = folder.assetcatalog; path = Assets.xcassets; sourceTree = "<group>"; };
		B3DC6B3B228F25D700856252 /* Base */ = {isa = PBXFileReference; lastKnownFileType = file.storyboard; name = Base; path = Base.lproj/LaunchScreen.storyboard; sourceTree = "<group>"; };
		B3DC6B3D228F25D700856252 /* Info.plist */ = {isa = PBXFileReference; lastKnownFileType = text.plist.xml; path = Info.plist; sourceTree = "<group>"; };
		B3DC6B43228F3F4800856252 /* numbers.swift */ = {isa = PBXFileReference; fileEncoding = 4; lastKnownFileType = sourcecode.swift; path = numbers.swift; sourceTree = "<group>"; };
		B3DC6B44228F3F4800856252 /* Text.swift */ = {isa = PBXFileReference; fileEncoding = 4; lastKnownFileType = sourcecode.swift; path = Text.swift; sourceTree = "<group>"; };
		B3DC6B47228FA18400856252 /* KoreanToNumberUIViewController.swift */ = {isa = PBXFileReference; lastKnownFileType = sourcecode.swift; path = KoreanToNumberUIViewController.swift; sourceTree = "<group>"; };
		B3DC6B49228FA1A300856252 /* NumberToKoreanUIViewController.swift */ = {isa = PBXFileReference; lastKnownFileType = sourcecode.swift; path = NumberToKoreanUIViewController.swift; sourceTree = "<group>"; };
		B3E34A042298718B00D9C602 /* Korea_flag.png */ = {isa = PBXFileReference; lastKnownFileType = image.png; path = Korea_flag.png; sourceTree = "<group>"; };
		B3E47BD42295B8DA00126BC3 /* NotesViewController.swift */ = {isa = PBXFileReference; lastKnownFileType = sourcecode.swift; path = NotesViewController.swift; sourceTree = "<group>"; };
		B3E47BD82295BA3500126BC3 /* notes.png */ = {isa = PBXFileReference; lastKnownFileType = image.png; path = notes.png; sourceTree = "<group>"; };
		B3E47BE02295BB5700126BC3 /* settings.png */ = {isa = PBXFileReference; lastKnownFileType = image.png; path = settings.png; sourceTree = "<group>"; };
		B3E47BE3229649BE00126BC3 /* Base */ = {isa = PBXFileReference; lastKnownFileType = file.storyboard; name = Base; path = "Korean-iOS/Base.lproj/Numbers.storyboard"; sourceTree = "<group>"; };
		B3E47BE522964ABA00126BC3 /* PlayViewController.swift */ = {isa = PBXFileReference; lastKnownFileType = sourcecode.swift; path = PlayViewController.swift; sourceTree = "<group>"; };
		B3E47BE722970A3D00126BC3 /* Purpe_rounded_rectangle.png */ = {isa = PBXFileReference; lastKnownFileType = image.png; path = Purpe_rounded_rectangle.png; sourceTree = "<group>"; };
		B3E47BEB22970BD100126BC3 /* Bleu_rounded_rectangle.png */ = {isa = PBXFileReference; lastKnownFileType = image.png; path = Bleu_rounded_rectangle.png; sourceTree = "<group>"; };
		B3EE127E2292FDE700A3BE4C /* UserSettingsDefaults.swift */ = {isa = PBXFileReference; lastKnownFileType = sourcecode.swift; path = UserSettingsDefaults.swift; sourceTree = "<group>"; };
		B3EE12802292FE6400A3BE4C /* NumbersOptionsViewController.swift */ = {isa = PBXFileReference; lastKnownFileType = sourcecode.swift; path = NumbersOptionsViewController.swift; sourceTree = "<group>"; };
/* End PBXFileReference section */

/* Begin PBXFrameworksBuildPhase section */
		B3DC6B2B228F25D500856252 /* Frameworks */ = {
			isa = PBXFrameworksBuildPhase;
			buildActionMask = 2147483647;
			files = (
			);
			runOnlyForDeploymentPostprocessing = 0;
		};
/* End PBXFrameworksBuildPhase section */

/* Begin PBXGroup section */
		B318B3B922943A560087231C /* UI */ = {
			isa = PBXGroup;
			children = (
				B32D823B2298D3FC00B2A2C1 /* Rectangle_light_purple_shadow.png */,
				B32D8235229883F800B2A2C1 /* purple_shadow.png */,
				B32D8233229882E600B2A2C1 /* Round_rectangle_bleu_shadows.png */,
				B32D822F22987F6700B2A2C1 /* Round_rectangle_Green_shadows.png */,
				B3E47BEB22970BD100126BC3 /* Bleu_rounded_rectangle.png */,
				B3E47BE722970A3D00126BC3 /* Purpe_rounded_rectangle.png */,
				B318B3BC22943DC50087231C /* grayBackground.png */,
				B3D8045622977A70005BEA77 /* play.png */,
				B3D8045A22977AD8005BEA77 /* dictionary.png */,
				B3E47BD82295BA3500126BC3 /* notes.png */,
				B3E47BE02295BB5700126BC3 /* settings.png */,
				B3E34A042298718B00D9C602 /* Korea_flag.png */,
			);
			path = UI;
			sourceTree = "<group>";
		};
		B323DDF922939E8A00BA7AAC /* original source code */ = {
			isa = PBXGroup;
			children = (
				B3DC6B44228F3F4800856252 /* Text.swift */,
				B3DC6B43228F3F4800856252 /* numbers.swift */,
			);
			path = "original source code";
			sourceTree = "<group>";
		};
		B34B386322944AEE000BF459 /* grandpa */ = {
			isa = PBXGroup;
			children = (
				B36E9D5C2294DF7C006F5DC1 /* grandpa1.png */,
				B36E9D5D2294DF7D006F5DC1 /* grandpa2.png */,
				B36E9D5E2294DF7D006F5DC1 /* grandpa3.png */,
			);
			path = grandpa;
			sourceTree = "<group>";
		};
		B34B386A22944B17000BF459 /* grandma */ = {
			isa = PBXGroup;
			children = (
				B36E9D562294DEEE006F5DC1 /* grandma1.png */,
				B36E9D522294DEED006F5DC1 /* grandma2.png */,
				B36E9D552294DEEE006F5DC1 /* grandma3.png */,
				B36E9D542294DEEE006F5DC1 /* grandma4.png */,
			);
			path = grandma;
			sourceTree = "<group>";
		};
		B34E11DB229391EF00704125 /* sounds */ = {
			isa = PBXGroup;
			children = (
				B318B3BE229442140087231C /* correct.wav */,
				B34E11DC2293935A00704125 /* incorrect.wav */,
			);
			path = sounds;
			sourceTree = "<group>";
		};
		B379D2052293A58A0080BCED /* images */ = {
			isa = PBXGroup;
			children = (
				B34B386B229452EF000BF459 /* media-offline.jpg */,
				B318B3B922943A560087231C /* UI */,
				B34B386A22944B17000BF459 /* grandma */,
				B34B386322944AEE000BF459 /* grandpa */,
			);
			path = images;
			sourceTree = "<group>";
		};
		B3A94069229195B000F4C282 /* classes */ = {
			isa = PBXGroup;
			children = (
				B306ADC1229045A100F1E8C1 /* numbersCreatorFunctions.swift */,
				B34E11E0229395CD00704125 /* correctOrWrong.swift */,
				B3D8044E229778D9005BEA77 /* KorEngDict.swift */,
				B3D8044F229778D9005BEA77 /* korEngDict.sqlite */,
				B379D20E2293ABA70080BCED /* images.swift */,
				B34E11D722938C6C00704125 /* sounds.swift */,
				B3A94067229195AB00F4C282 /* textDefaults.swift */,
				B3EE127E2292FDE700A3BE4C /* UserSettingsDefaults.swift */,
			);
			path = classes;
			sourceTree = "<group>";
		};
		B3DC6B25228F25D500856252 = {
			isa = PBXGroup;
			children = (
				B3DC6B30228F25D500856252 /* Korean-iOS */,
				B3DC6B2F228F25D500856252 /* Products */,
			);
			sourceTree = "<group>";
		};
		B3DC6B2F228F25D500856252 /* Products */ = {
			isa = PBXGroup;
			children = (
				B3DC6B2E228F25D500856252 /* Korean-iOS.app */,
			);
			name = Products;
			sourceTree = "<group>";
		};
		B3DC6B30228F25D500856252 /* Korean-iOS */ = {
			isa = PBXGroup;
			children = (
				B3DC6B31228F25D500856252 /* AppDelegate.swift */,
				B3DC6B35228F25D500856252 /* Main.storyboard */,
				B3E47BE2229649BE00126BC3 /* Numbers.storyboard */,
				B3DC6B3A228F25D700856252 /* LaunchScreen.storyboard */,
				B3E47BD32295B89300126BC3 /* UIViewControllers */,
				B3A94069229195B000F4C282 /* classes */,
				B34E11DB229391EF00704125 /* sounds */,
				B379D2052293A58A0080BCED /* images */,
				B323DDF922939E8A00BA7AAC /* original source code */,
				B3DC6B38228F25D700856252 /* Assets.xcassets */,
				B3DC6B3D228F25D700856252 /* Info.plist */,
			);
			path = "Korean-iOS";
			sourceTree = "<group>";
		};
		B3E47BD32295B89300126BC3 /* UIViewControllers */ = {
			isa = PBXGroup;
			children = (
				B3DC6B33228F25D500856252 /* NumbersViewController.swift */,
				B3E47BE522964ABA00126BC3 /* PlayViewController.swift */,
				B3DC6B49228FA1A300856252 /* NumberToKoreanUIViewController.swift */,
				B3DC6B47228FA18400856252 /* KoreanToNumberUIViewController.swift */,
				B3E47BD42295B8DA00126BC3 /* NotesViewController.swift */,
				B3D8044A229777F7005BEA77 /* DictionaryViewController.swift */,
				B3D8044C229777FF005BEA77 /* DefinitionViewController.swift */,
				B3EE12802292FE6400A3BE4C /* NumbersOptionsViewController.swift */,
			);
			path = UIViewControllers;
			sourceTree = "<group>";
		};
/* End PBXGroup section */

/* Begin PBXNativeTarget section */
		B3DC6B2D228F25D500856252 /* Korean-iOS */ = {
			isa = PBXNativeTarget;
			buildConfigurationList = B3DC6B40228F25D700856252 /* Build configuration list for PBXNativeTarget "Korean-iOS" */;
			buildPhases = (
				B3DC6B2A228F25D500856252 /* Sources */,
				B3DC6B2B228F25D500856252 /* Frameworks */,
				B3DC6B2C228F25D500856252 /* Resources */,
			);
			buildRules = (
			);
			dependencies = (
			);
			name = "Korean-iOS";
			productName = "Korean-iOS";
			productReference = B3DC6B2E228F25D500856252 /* Korean-iOS.app */;
			productType = "com.apple.product-type.application";
		};
/* End PBXNativeTarget section */

/* Begin PBXProject section */
		B3DC6B26228F25D500856252 /* Project object */ = {
			isa = PBXProject;
			attributes = {
				LastSwiftUpdateCheck = 1020;
				LastUpgradeCheck = 1020;
				ORGANIZATIONNAME = "Tomas Daniel Nieto";
				TargetAttributes = {
					B3DC6B2D228F25D500856252 = {
						CreatedOnToolsVersion = 10.2.1;
					};
				};
			};
			buildConfigurationList = B3DC6B29228F25D500856252 /* Build configuration list for PBXProject "Korean-iOS" */;
			compatibilityVersion = "Xcode 9.3";
			developmentRegion = en;
			hasScannedForEncodings = 0;
			knownRegions = (
				en,
				Base,
			);
			mainGroup = B3DC6B25228F25D500856252;
			productRefGroup = B3DC6B2F228F25D500856252 /* Products */;
			projectDirPath = "";
			projectRoot = "";
			targets = (
				B3DC6B2D228F25D500856252 /* Korean-iOS */,
			);
		};
/* End PBXProject section */

/* Begin PBXResourcesBuildPhase section */
		B3DC6B2C228F25D500856252 /* Resources */ = {
			isa = PBXResourcesBuildPhase;
			buildActionMask = 2147483647;
			files = (
				B32D823022987F6700B2A2C1 /* Round_rectangle_Green_shadows.png in Resources */,
				B3E47BD92295BA3500126BC3 /* notes.png in Resources */,
				B318B3BD22943DC50087231C /* grayBackground.png in Resources */,
				B3DC6B3C228F25D700856252 /* LaunchScreen.storyboard in Resources */,
				B34E11DD2293935A00704125 /* incorrect.wav in Resources */,
				B3E47BE12295BB5700126BC3 /* settings.png in Resources */,
				B36E9D592294DEEE006F5DC1 /* grandma4.png in Resources */,
				B36E9D602294DF7D006F5DC1 /* grandpa2.png in Resources */,
				B32D8236229883F800B2A2C1 /* purple_shadow.png in Resources */,
				B3E47BE822970A3D00126BC3 /* Purpe_rounded_rectangle.png in Resources */,
				B3E47BE4229649BE00126BC3 /* Numbers.storyboard in Resources */,
				B3E34A052298718B00D9C602 /* Korea_flag.png in Resources */,
				B3D80451229778D9005BEA77 /* korEngDict.sqlite in Resources */,
				B36E9D5A2294DEEE006F5DC1 /* grandma3.png in Resources */,
				B36E9D5F2294DF7D006F5DC1 /* grandpa1.png in Resources */,
				B32D8234229882E700B2A2C1 /* Round_rectangle_bleu_shadows.png in Resources */,
				B318B3BF229442150087231C /* correct.wav in Resources */,
				B32D823C2298D3FC00B2A2C1 /* Rectangle_light_purple_shadow.png in Resources */,
				B34B386C229452EF000BF459 /* media-offline.jpg in Resources */,
				B3D8045722977A70005BEA77 /* play.png in Resources */,
				B3DC6B39228F25D700856252 /* Assets.xcassets in Resources */,
				B36E9D5B2294DEEE006F5DC1 /* grandma1.png in Resources */,
				B3DC6B37228F25D500856252 /* Main.storyboard in Resources */,
				B36E9D572294DEEE006F5DC1 /* grandma2.png in Resources */,
				B3E47BEC22970BD100126BC3 /* Bleu_rounded_rectangle.png in Resources */,
				B3D8045B22977AD9005BEA77 /* dictionary.png in Resources */,
				B36E9D612294DF7D006F5DC1 /* grandpa3.png in Resources */,
			);
			runOnlyForDeploymentPostprocessing = 0;
		};
/* End PBXResourcesBuildPhase section */

/* Begin PBXSourcesBuildPhase section */
		B3DC6B2A228F25D500856252 /* Sources */ = {
			isa = PBXSourcesBuildPhase;
			buildActionMask = 2147483647;
			files = (
				B3DC6B48228FA18400856252 /* KoreanToNumberUIViewController.swift in Sources */,
				B3E47BE622964ABA00126BC3 /* PlayViewController.swift in Sources */,
				B3A94068229195AB00F4C282 /* textDefaults.swift in Sources */,
				B3DC6B45228F3F4800856252 /* numbers.swift in Sources */,
				B3EE12812292FE6400A3BE4C /* NumbersOptionsViewController.swift in Sources */,
				B3D80450229778D9005BEA77 /* KorEngDict.swift in Sources */,
				B379D20F2293ABA70080BCED /* images.swift in Sources */,
				B34E11D822938C6C00704125 /* sounds.swift in Sources */,
				B306ADC2229045A100F1E8C1 /* numbersCreatorFunctions.swift in Sources */,
				B3DC6B4A228FA1A300856252 /* NumberToKoreanUIViewController.swift in Sources */,
				B3DC6B34228F25D500856252 /* NumbersViewController.swift in Sources */,
				B3DC6B46228F3F4800856252 /* Text.swift in Sources */,
				B3E47BD52295B8DA00126BC3 /* NotesViewController.swift in Sources */,
				B3EE127F2292FDE700A3BE4C /* UserSettingsDefaults.swift in Sources */,
				B3DC6B32228F25D500856252 /* AppDelegate.swift in Sources */,
				B3D8044D229777FF005BEA77 /* DefinitionViewController.swift in Sources */,
				B3D8044B229777F7005BEA77 /* DictionaryViewController.swift in Sources */,
				B34E11E1229395CD00704125 /* correctOrWrong.swift in Sources */,
			);
			runOnlyForDeploymentPostprocessing = 0;
		};
/* End PBXSourcesBuildPhase section */

/* Begin PBXVariantGroup section */
		B3DC6B35228F25D500856252 /* Main.storyboard */ = {
			isa = PBXVariantGroup;
			children = (
				B3DC6B36228F25D500856252 /* Base */,
			);
			name = Main.storyboard;
			sourceTree = "<group>";
		};
		B3DC6B3A228F25D700856252 /* LaunchScreen.storyboard */ = {
			isa = PBXVariantGroup;
			children = (
				B3DC6B3B228F25D700856252 /* Base */,
			);
			name = LaunchScreen.storyboard;
			sourceTree = "<group>";
		};
		B3E47BE2229649BE00126BC3 /* Numbers.storyboard */ = {
			isa = PBXVariantGroup;
			children = (
				B3E47BE3229649BE00126BC3 /* Base */,
			);
			name = Numbers.storyboard;
			sourceTree = "<group>";
		};
/* End PBXVariantGroup section */

/* Begin XCBuildConfiguration section */
		B3DC6B3E228F25D700856252 /* Debug */ = {
			isa = XCBuildConfiguration;
			buildSettings = {
				ALWAYS_SEARCH_USER_PATHS = NO;
				CLANG_ANALYZER_NONNULL = YES;
				CLANG_ANALYZER_NUMBER_OBJECT_CONVERSION = YES_AGGRESSIVE;
				CLANG_CXX_LANGUAGE_STANDARD = "gnu++14";
				CLANG_CXX_LIBRARY = "libc++";
				CLANG_ENABLE_MODULES = YES;
				CLANG_ENABLE_OBJC_ARC = YES;
				CLANG_ENABLE_OBJC_WEAK = YES;
				CLANG_WARN_BLOCK_CAPTURE_AUTORELEASING = YES;
				CLANG_WARN_BOOL_CONVERSION = YES;
				CLANG_WARN_COMMA = YES;
				CLANG_WARN_CONSTANT_CONVERSION = YES;
				CLANG_WARN_DEPRECATED_OBJC_IMPLEMENTATIONS = YES;
				CLANG_WARN_DIRECT_OBJC_ISA_USAGE = YES_ERROR;
				CLANG_WARN_DOCUMENTATION_COMMENTS = YES;
				CLANG_WARN_EMPTY_BODY = YES;
				CLANG_WARN_ENUM_CONVERSION = YES;
				CLANG_WARN_INFINITE_RECURSION = YES;
				CLANG_WARN_INT_CONVERSION = YES;
				CLANG_WARN_NON_LITERAL_NULL_CONVERSION = YES;
				CLANG_WARN_OBJC_IMPLICIT_RETAIN_SELF = YES;
				CLANG_WARN_OBJC_LITERAL_CONVERSION = YES;
				CLANG_WARN_OBJC_ROOT_CLASS = YES_ERROR;
				CLANG_WARN_RANGE_LOOP_ANALYSIS = YES;
				CLANG_WARN_STRICT_PROTOTYPES = YES;
				CLANG_WARN_SUSPICIOUS_MOVE = YES;
				CLANG_WARN_UNGUARDED_AVAILABILITY = YES_AGGRESSIVE;
				CLANG_WARN_UNREACHABLE_CODE = YES;
				CLANG_WARN__DUPLICATE_METHOD_MATCH = YES;
				CODE_SIGN_IDENTITY = "iPhone Developer";
				COPY_PHASE_STRIP = NO;
				DEBUG_INFORMATION_FORMAT = dwarf;
				ENABLE_STRICT_OBJC_MSGSEND = YES;
				ENABLE_TESTABILITY = YES;
				GCC_C_LANGUAGE_STANDARD = gnu11;
				GCC_DYNAMIC_NO_PIC = NO;
				GCC_NO_COMMON_BLOCKS = YES;
				GCC_OPTIMIZATION_LEVEL = 0;
				GCC_PREPROCESSOR_DEFINITIONS = (
					"DEBUG=1",
					"$(inherited)",
				);
				GCC_WARN_64_TO_32_BIT_CONVERSION = YES;
				GCC_WARN_ABOUT_RETURN_TYPE = YES_ERROR;
				GCC_WARN_UNDECLARED_SELECTOR = YES;
				GCC_WARN_UNINITIALIZED_AUTOS = YES_AGGRESSIVE;
				GCC_WARN_UNUSED_FUNCTION = YES;
				GCC_WARN_UNUSED_VARIABLE = YES;
				IPHONEOS_DEPLOYMENT_TARGET = 12.2;
				MTL_ENABLE_DEBUG_INFO = INCLUDE_SOURCE;
				MTL_FAST_MATH = YES;
				ONLY_ACTIVE_ARCH = YES;
				SDKROOT = iphoneos;
				SWIFT_ACTIVE_COMPILATION_CONDITIONS = DEBUG;
				SWIFT_OPTIMIZATION_LEVEL = "-Onone";
			};
			name = Debug;
		};
		B3DC6B3F228F25D700856252 /* Release */ = {
			isa = XCBuildConfiguration;
			buildSettings = {
				ALWAYS_SEARCH_USER_PATHS = NO;
				CLANG_ANALYZER_NONNULL = YES;
				CLANG_ANALYZER_NUMBER_OBJECT_CONVERSION = YES_AGGRESSIVE;
				CLANG_CXX_LANGUAGE_STANDARD = "gnu++14";
				CLANG_CXX_LIBRARY = "libc++";
				CLANG_ENABLE_MODULES = YES;
				CLANG_ENABLE_OBJC_ARC = YES;
				CLANG_ENABLE_OBJC_WEAK = YES;
				CLANG_WARN_BLOCK_CAPTURE_AUTORELEASING = YES;
				CLANG_WARN_BOOL_CONVERSION = YES;
				CLANG_WARN_COMMA = YES;
				CLANG_WARN_CONSTANT_CONVERSION = YES;
				CLANG_WARN_DEPRECATED_OBJC_IMPLEMENTATIONS = YES;
				CLANG_WARN_DIRECT_OBJC_ISA_USAGE = YES_ERROR;
				CLANG_WARN_DOCUMENTATION_COMMENTS = YES;
				CLANG_WARN_EMPTY_BODY = YES;
				CLANG_WARN_ENUM_CONVERSION = YES;
				CLANG_WARN_INFINITE_RECURSION = YES;
				CLANG_WARN_INT_CONVERSION = YES;
				CLANG_WARN_NON_LITERAL_NULL_CONVERSION = YES;
				CLANG_WARN_OBJC_IMPLICIT_RETAIN_SELF = YES;
				CLANG_WARN_OBJC_LITERAL_CONVERSION = YES;
				CLANG_WARN_OBJC_ROOT_CLASS = YES_ERROR;
				CLANG_WARN_RANGE_LOOP_ANALYSIS = YES;
				CLANG_WARN_STRICT_PROTOTYPES = YES;
				CLANG_WARN_SUSPICIOUS_MOVE = YES;
				CLANG_WARN_UNGUARDED_AVAILABILITY = YES_AGGRESSIVE;
				CLANG_WARN_UNREACHABLE_CODE = YES;
				CLANG_WARN__DUPLICATE_METHOD_MATCH = YES;
				CODE_SIGN_IDENTITY = "iPhone Developer";
				COPY_PHASE_STRIP = NO;
				DEBUG_INFORMATION_FORMAT = "dwarf-with-dsym";
				ENABLE_NS_ASSERTIONS = NO;
				ENABLE_STRICT_OBJC_MSGSEND = YES;
				GCC_C_LANGUAGE_STANDARD = gnu11;
				GCC_NO_COMMON_BLOCKS = YES;
				GCC_WARN_64_TO_32_BIT_CONVERSION = YES;
				GCC_WARN_ABOUT_RETURN_TYPE = YES_ERROR;
				GCC_WARN_UNDECLARED_SELECTOR = YES;
				GCC_WARN_UNINITIALIZED_AUTOS = YES_AGGRESSIVE;
				GCC_WARN_UNUSED_FUNCTION = YES;
				GCC_WARN_UNUSED_VARIABLE = YES;
				IPHONEOS_DEPLOYMENT_TARGET = 12.2;
				MTL_ENABLE_DEBUG_INFO = NO;
				MTL_FAST_MATH = YES;
				SDKROOT = iphoneos;
				SWIFT_COMPILATION_MODE = wholemodule;
				SWIFT_OPTIMIZATION_LEVEL = "-O";
				VALIDATE_PRODUCT = YES;
			};
			name = Release;
		};
		B3DC6B41228F25D700856252 /* Debug */ = {
			isa = XCBuildConfiguration;
			buildSettings = {
				ASSETCATALOG_COMPILER_APPICON_NAME = AppIcon;
				CODE_SIGN_STYLE = Automatic;
				DEVELOPMENT_TEAM = J4ACLAX7WB;
				INFOPLIST_FILE = "Korean-iOS/Info.plist";
				IPHONEOS_DEPLOYMENT_TARGET = 10.0;
				LD_RUNPATH_SEARCH_PATHS = (
					"$(inherited)",
					"@executable_path/Frameworks",
				);
				PRODUCT_BUNDLE_IDENTIFIER = "me.Korean-iOS.com";
				PRODUCT_NAME = "$(TARGET_NAME)";
				SWIFT_VERSION = 5.0;
				TARGETED_DEVICE_FAMILY = "1,2";
			};
			name = Debug;
		};
		B3DC6B42228F25D700856252 /* Release */ = {
			isa = XCBuildConfiguration;
			buildSettings = {
				ASSETCATALOG_COMPILER_APPICON_NAME = AppIcon;
				CODE_SIGN_STYLE = Automatic;
				DEVELOPMENT_TEAM = J4ACLAX7WB;
				INFOPLIST_FILE = "Korean-iOS/Info.plist";
				IPHONEOS_DEPLOYMENT_TARGET = 10.0;
				LD_RUNPATH_SEARCH_PATHS = (
					"$(inherited)",
					"@executable_path/Frameworks",
				);
				PRODUCT_BUNDLE_IDENTIFIER = "me.Korean-iOS.com";
				PRODUCT_NAME = "$(TARGET_NAME)";
				SWIFT_VERSION = 5.0;
				TARGETED_DEVICE_FAMILY = "1,2";
			};
			name = Release;
		};
/* End XCBuildConfiguration section */

/* Begin XCConfigurationList section */
		B3DC6B29228F25D500856252 /* Build configuration list for PBXProject "Korean-iOS" */ = {
			isa = XCConfigurationList;
			buildConfigurations = (
				B3DC6B3E228F25D700856252 /* Debug */,
				B3DC6B3F228F25D700856252 /* Release */,
			);
			defaultConfigurationIsVisible = 0;
			defaultConfigurationName = Release;
		};
		B3DC6B40228F25D700856252 /* Build configuration list for PBXNativeTarget "Korean-iOS" */ = {
			isa = XCConfigurationList;
			buildConfigurations = (
				B3DC6B41228F25D700856252 /* Debug */,
				B3DC6B42228F25D700856252 /* Release */,
			);
			defaultConfigurationIsVisible = 0;
			defaultConfigurationName = Release;
		};
/* End XCConfigurationList section */
	};
	rootObject = B3DC6B26228F25D500856252 /* Project object */;
}
